{
  "originHash" : "8c031432e1b2a7ca2b18824d8ba14cd380e20a06f7f52e07a9616fdcaa04dd0f",
  "pins" : [
    {
      "identity" : "asn1",
      "kind" : "remoteSourceControl",
      "location" : "https://github.com/leif-ibsen/ASN1",
      "state" : {
        "revision" : "8a5cb6ce9b4a009a5b8d82465caf1aafb720096e",
        "version" : "2.5.0"
      }
    },
    {
      "identity" : "bigint",
      "kind" : "remoteSourceControl",
      "location" : "https://github.com/leif-ibsen/BigInt",
      "state" : {
        "revision" : "bf55e4ce076a5e2dde0db13d9b03d820cfad420d",
        "version" : "1.19.0"
      }
    },
    {
      "identity" : "digest",
      "kind" : "remoteSourceControl",
      "location" : "https://github.com/leif-ibsen/Digest",
      "state" : {
        "revision" : "05f079878ec5fb05c7d9c94f35dbc4f5ec054d54",
        "version" : "1.6.0"
      }
    },
    {
      "identity" : "secp256k1.swift",
      "kind" : "remoteSourceControl",
      "location" : "https://github.com/GigaBitcoin/secp256k1.swift",
      "state" : {
        "revision" : "9683e8e311c76d8114cd308b697dad2f9fc58fed",
        "version" : "0.17.0"
      }
    },
    {
      "identity" : "swiftecc",
      "kind" : "remoteSourceControl",
      "location" : "https://github.com/leif-ibsen/SwiftECC.git",
      "state" : {
        "revision" : "0efa7eed9eeedb93e6d42bc4a18a40ef5c1ef2d0",
        "version" : "5.3.0"
      }
    }
  ],
  "version" : 3
}
